
Microsoft Visual Studio Solution File, Format Version 12.00
# Visual Studio Version 16
VisualStudioVersion = 16.0.31025.194
MinimumVisualStudioVersion = 10.0.40219.1
Project("{FAE04EC0-301F-11D3-BF4B-00C04F79EFBC}") = "Lazar_Andreea_Maria_Lab5", "Lazar_Andreea_Maria_Lab5.csproj", "{DB52E38B-EF5C-4DB3-841E-B3D75F4074E2}"
EndProject
Global
	GlobalSection(SolutionConfigurationPlatforms) = preSolution
		Debug|Any CPU = Debug|Any CPU
		Release|Any CPU = Release|Any CPU
	EndGlobalSection
	GlobalSection(ProjectConfigurationPlatforms) = postSolution
		{DB52E38B-EF5C-4DB3-841E-B3D75F4074E2}.Debug|Any CPU.ActiveCfg = Debug|Any CPU
		{DB52E38B-EF5C-4DB3-841E-B3D75F4074E2}.Debug|Any CPU.Build.0 = Debug|Any CPU
		{DB52E38B-EF5C-4DB3-841E-B3D75F4074E2}.Release|Any CPU.ActiveCfg = Release|Any CPU
		{DB52E38B-EF5C-4DB3-841E-B3D75F4074E2}.Release|Any CPU.Build.0 = Release|Any CPU
	EndGlobalSection
	GlobalSection(SolutionProperties) = preSolution
		HideSolutionNode = FALSE
	EndGlobalSection
	GlobalSection(ExtensibilityGlobals) = postSolution
		SolutionGuid = {26C2D2E8-AD3D-420B-BD0C-105719188335}
	EndGlobalSection
EndGlobal
